
Microsoft Visual Studio Solution File, Format Version 12.00
# Visual Studio Version 17
VisualStudioVersion = 17.4.33403.182
MinimumVisualStudioVersion = 10.0.40219.1
Project("{FAE04EC0-301F-11D3-BF4B-00C04F79EFBC}") = "408_C_sharp_proj", "408_C_sharp_proj\408_C_sharp_proj.csproj", "{1E88771B-2BC8-47DB-AC25-E658A19DD53A}"
EndProject
Global
	GlobalSection(SolutionConfigurationPlatforms) = preSolution
		Debug|Any CPU = Debug|Any CPU
		Release|Any CPU = Release|Any CPU
	EndGlobalSection
	GlobalSection(ProjectConfigurationPlatforms) = postSolution
		{1E88771B-2BC8-47DB-AC25-E658A19DD53A}.Debug|Any CPU.ActiveCfg = Debug|Any CPU
		{1E88771B-2BC8-47DB-AC25-E658A19DD53A}.Debug|Any CPU.Build.0 = Debug|Any CPU
		{1E88771B-2BC8-47DB-AC25-E658A19DD53A}.Release|Any CPU.ActiveCfg = Release|Any CPU
		{1E88771B-2BC8-47DB-AC25-E658A19DD53A}.Release|Any CPU.Build.0 = Release|Any CPU
	EndGlobalSection
	GlobalSection(SolutionProperties) = preSolution
		HideSolutionNode = FALSE
	EndGlobalSection
	GlobalSection(ExtensibilityGlobals) = postSolution
		SolutionGuid = {153AAB49-022E-434A-95B2-B96FA71C26DE}
	EndGlobalSection
EndGlobal
